<?xml version="1.0" encoding="UTF-8" standalone="yes" ?>
<CodeBlocks_project_file>
	<FileVersion major="1" minor="6" />
	<Project>
		<Option title="Shipwrecked_linux" />
		<Option pch_mode="2" />
		<Option compiler="gcc" />
		<Build>
			<Target title="Debug">
				<Option output="bin/Debug/Shipwrecked_linux" prefix_auto="1" extension_auto="1" />
				<Option object_output="obj/Debug/" />
				<Option type="1" />
				<Option compiler="gcc" />
				<Compiler>
					<Add option="-Wall" />
					<Add option="-std=c99" />
					<Add option="-g" />
				</Compiler>
				<Linker>
					<Add option="-lSDL2 -lSDL2_image" />
				</Linker>
			</Target>
			<Target title="Release">
				<Option output="bin/Release/Shipwrecked_linux" prefix_auto="1" extension_auto="1" />
				<Option object_output="obj/Release/" />
				<Option type="1" />
				<Option compiler="gcc" />
				<Compiler>
					<Add option="-O2" />
				</Compiler>
				<Linker>
					<Add option="-s" />
				</Linker>
			</Target>
		</Build>
		<Compiler>
			<Add option="-Wall" />
		</Compiler>
		<Unit filename="../game_functions.c">
			<Option compilerVar="CC" />
		</Unit>
		<Unit filename="../game_functions.h" />
		<Unit filename="../physics.c">
			<Option compilerVar="CC" />
		</Unit>
		<Unit filename="../physics.h" />
		<Unit filename="../sdl_functions.c">
			<Option compilerVar="CC" />
		</Unit>
		<Unit filename="../sdl_functions.h" />
		<Unit filename="../shipwrecked.c">
			<Option compilerVar="CC" />
		</Unit>
		<Extensions>
			<envvars />
			<code_completion />
			<debugger />
			<lib_finder disable_auto="1" />
		</Extensions>
	</Project>
</CodeBlocks_project_file>
